// !$*UTF8*$!
{
	archiveVersion = 1;
	classes = {
	};
	objectVersion = 54;
	objects = {

/* Begin PBXAggregateTarget section */
		2163AFA720A2DD8118C07EFA /* JuceOPLVSTi - All */ = {
			isa = PBXAggregateTarget;
			buildConfigurationList = E0CC5CAD58B11B48016F527C /* Build configuration list for PBXAggregateTarget "JuceOPLVSTi - All" */;
			buildPhases = (
			);
			dependencies = (
				18319FD320F365799D59A35C /* PBXTargetDependency */,
				EBD42408812B8720E83922DD /* PBXTargetDependency */,
				4A6969AB35DCB43D6279F0F1 /* PBXTargetDependency */,
			);
			name = "JuceOPLVSTi - All";
			productName = JuceOPLVSTi;
		};
/* End PBXAggregateTarget section */

/* Begin PBXBuildFile section */
		00513D3E49D26D29461B1C1E /* include_juce_video.mm in Sources */ = {isa = PBXBuildFile; fileRef = 108C75A1B51C7C6D1B05EEB0 /* include_juce_video.mm */; };
		06193B110E52B1D693457927 /* Cocoa.framework in Frameworks */ = {isa = PBXBuildFile; fileRef = 87FD6F0629A4194702406670 /* Cocoa.framework */; };
		0BB06CAD1AC59924CAB71333 /* IOKit.framework in Frameworks */ = {isa = PBXBuildFile; fileRef = 84296EC22BC57D9D780E3372 /* IOKit.framework */; };
		0BFEFE25E2DE788123A01342 /* include_juce_events.mm in Sources */ = {isa = PBXBuildFile; fileRef = 8D015A18E0E2FA2CC3A59983 /* include_juce_events.mm */; };
		0CDD18453D20009A968EAE42 /* juce_VST3ManifestHelper.mm in Sources */ = {isa = PBXBuildFile; fileRef = 9B7407146CBF3481359C96CC /* juce_VST3ManifestHelper.mm */; settings = {COMPILER_FLAGS = "-w -DJUCE_SKIP_PRECOMPILED_HEADER"; }; };
		1501001D64CC1CE7B2F9BB43 /* PluginGui.cpp in Sources */ = {isa = PBXBuildFile; fileRef = 78E6DF910D91E12A16C5F8F9 /* PluginGui.cpp */; };
		17838961EAA1C10FD1C26CF7 /* include_juce_opengl.mm in Sources */ = {isa = PBXBuildFile; fileRef = 4D1235CFF374401F0ABB5072 /* include_juce_opengl.mm */; };
		1C1A2969305BE6B2636AB9A8 /* RecentFilesMenuTemplate.nib in Resources */ = {isa = PBXBuildFile; fileRef = BDC14F0683CBA93BF6B1BCE7 /* RecentFilesMenuTemplate.nib */; };
		21ED4602FB6BBEEF24AB08AE /* CoreMedia.framework in Frameworks */ = {isa = PBXBuildFile; fileRef = 27E6125A4E21ADD1043E3339 /* CoreMedia.framework */; };
		21F395B258BD28637A5E8C70 /* AudioToolbox.framework in Frameworks */ = {isa = PBXBuildFile; fileRef = 0D8FEDCD6962019A750D745D /* AudioToolbox.framework */; };
		2BDBBF172E75DA1D00372684 /* Accelerate.framework in Frameworks */ = {isa = PBXBuildFile; fileRef = F5432EFBA795497746317DFE /* Accelerate.framework */; };
		2BDBBF182E75DA1D00372684 /* AudioToolbox.framework in Frameworks */ = {isa = PBXBuildFile; fileRef = 0D8FEDCD6962019A750D745D /* AudioToolbox.framework */; };
		2BDBBF192E75DA1D00372684 /* AVFoundation.framework in Frameworks */ = {isa = PBXBuildFile; fileRef = D503B6050F71A320A772DFF7 /* AVFoundation.framework */; };
		2BDBBF1A2E75DA1D00372684 /* AVKit.framework in Frameworks */ = {isa = PBXBuildFile; fileRef = 921318A06EAC140A38B5EA20 /* AVKit.framework */; };
		2BDBBF1B2E75DA1D00372684 /* Cocoa.framework in Frameworks */ = {isa = PBXBuildFile; fileRef = 87FD6F0629A4194702406670 /* Cocoa.framework */; };
		2BDBBF1C2E75DA1D00372684 /* CoreAudio.framework in Frameworks */ = {isa = PBXBuildFile; fileRef = 9CAE809513FEB16C6F0EFDAF /* CoreAudio.framework */; };
		2BDBBF1D2E75DA1D00372684 /* CoreMedia.framework in Frameworks */ = {isa = PBXBuildFile; fileRef = 27E6125A4E21ADD1043E3339 /* CoreMedia.framework */; };
		2BDBBF1E2E75DA1D00372684 /* CoreMIDI.framework in Frameworks */ = {isa = PBXBuildFile; fileRef = 95B04FA3ABAE8ADD314DABEC /* CoreMIDI.framework */; };
		2BDBBF1F2E75DA1D00372684 /* Foundation.framework in Frameworks */ = {isa = PBXBuildFile; fileRef = 34B65CC4809C15FFF4AB18E8 /* Foundation.framework */; };
		2BDBBF202E75DA1D00372684 /* IOKit.framework in Frameworks */ = {isa = PBXBuildFile; fileRef = 84296EC22BC57D9D780E3372 /* IOKit.framework */; };
		2BDBBF212E75DA1D00372684 /* OpenGL.framework in Frameworks */ = {isa = PBXBuildFile; fileRef = 413A60DFCADA73BD5E189763 /* OpenGL.framework */; };
		2BDBBF222E75DA1D00372684 /* QuartzCore.framework in Frameworks */ = {isa = PBXBuildFile; fileRef = D0B2FA51745AA41408048620 /* QuartzCore.framework */; };
		2BDBBF232E75DA1D00372684 /* Security.framework in Frameworks */ = {isa = PBXBuildFile; fileRef = AF612496A94BEF84AB8CB972 /* Security.framework */; };
		2BDBBF242E75DA1D00372684 /* WebKit.framework in Frameworks */ = {isa = PBXBuildFile; fileRef = E0FE7693FB92022105D0CE59 /* WebKit.framework */; };
		2BDBBF252E75DA1D00372684 /* Metal.framework in Frameworks */ = {isa = PBXBuildFile; fileRef = 0DF036685035D8A7E0293F1C /* Metal.framework */; };
		2BDBBF262E75DA1D00372684 /* MetalKit.framework in Frameworks */ = {isa = PBXBuildFile; fileRef = 2FFEC1302E7AD53B504A271E /* MetalKit.framework */; };
		30C360C6B1032E58AB1EF9FE /* SbiLoader.cpp in Sources */ = {isa = PBXBuildFile; fileRef = 221AA56D70A6FC62174D578C /* SbiLoader.cpp */; };
		35DD931F90C78A3A6CCB184C /* include_juce_audio_processors_lv2_libs.cpp in Sources */ = {isa = PBXBuildFile; fileRef = 2B8BAA4CF5CC64D474C1FF95 /* include_juce_audio_processors_lv2_libs.cpp */; };
		3B20618488B3B22CEF86C7BF /* include_juce_core_CompilationTime.cpp in Sources */ = {isa = PBXBuildFile; fileRef = 0FDE9C4B6DC68D92EF3327F4 /* include_juce_core_CompilationTime.cpp */; };
		3E4B3A3440F40658B7363950 /* include_juce_audio_plugin_client_VST3.mm in Sources */ = {isa = PBXBuildFile; fileRef = C709EB985EA6072FF6C42F2C /* include_juce_audio_plugin_client_VST3.mm */; };
		3E8FF781D79E7277189D8972 /* include_juce_gui_extra.mm in Sources */ = {isa = PBXBuildFile; fileRef = EE13CF44614587717A3123F6 /* include_juce_gui_extra.mm */; };
		49B3B668BE5931DF3082294E /* include_juce_audio_processors_ara.cpp in Sources */ = {isa = PBXBuildFile; fileRef = F14144F1F889544A70232868 /* include_juce_audio_processors_ara.cpp */; };
		4C570116424195302F9C1BBC /* AVFoundation.framework in Frameworks */ = {isa = PBXBuildFile; fileRef = D503B6050F71A320A772DFF7 /* AVFoundation.framework */; };
		523431C6BA1EC53BB0D49577 /* include_juce_data_structures.mm in Sources */ = {isa = PBXBuildFile; fileRef = 8AE39CF2AB0D2D500E62261D /* include_juce_data_structures.mm */; };
		524BB664F4E895CD67D8AF1B /* include_juce_graphics.mm in Sources */ = {isa = PBXBuildFile; fileRef = D6FF06CA498EA0D62C75E042 /* include_juce_graphics.mm */; };
		59FB461C41A963442D8F3DD2 /* PluginProcessor.cpp in Sources */ = {isa = PBXBuildFile; fileRef = 9F6C4C93D2FA0BDC04BF7CB1 /* PluginProcessor.cpp */; };
		5D4DD076D7242D7ADCDD4835 /* hiopl.cpp in Sources */ = {isa = PBXBuildFile; fileRef = 7E0BC0B14FEAA8D72A75E39C /* hiopl.cpp */; };
		62F739091AA480136470C11B /* IntFloatParameter.cpp in Sources */ = {isa = PBXBuildFile; fileRef = 9411CBCF90C16DB43882A583 /* IntFloatParameter.cpp */; };
		630657698CEA0CFB807917E3 /* OpenGL.framework in Frameworks */ = {isa = PBXBuildFile; fileRef = 413A60DFCADA73BD5E189763 /* OpenGL.framework */; };
		6985DD261AB2D492820B4158 /* Metal.framework in Frameworks */ = {isa = PBXBuildFile; fileRef = 0DF036685035D8A7E0293F1C /* Metal.framework */; settings = {ATTRIBUTES = (Weak, ); }; };
		77FA3E9740CDC53768E75428 /* include_juce_audio_processors.mm in Sources */ = {isa = PBXBuildFile; fileRef = 4C44E59B55BC1116CCC247BE /* include_juce_audio_processors.mm */; };
		852FA378FFAC7232371C1131 /* tests.cpp in Sources */ = {isa = PBXBuildFile; fileRef = 1A8DB66C6759AE9D15691032 /* tests.cpp */; };
		873568207848410B12B9CA2F /* FloatParameter.cpp in Sources */ = {isa = PBXBuildFile; fileRef = DD59A90FE8D80989CD94A08B /* FloatParameter.cpp */; };
		8C138897FEC4F25C69444C89 /* WebKit.framework in Frameworks */ = {isa = PBXBuildFile; fileRef = E0FE7693FB92022105D0CE59 /* WebKit.framework */; };
		9FDD64A2D56F12391B9FF02C /* Foundation.framework in Frameworks */ = {isa = PBXBuildFile; fileRef = 34B65CC4809C15FFF4AB18E8 /* Foundation.framework */; };
		A139E1E53B21E91263FF24F1 /* include_juce_graphics_Harfbuzz.cpp in Sources */ = {isa = PBXBuildFile; fileRef = FDE091899514D6274DE86394 /* include_juce_graphics_Harfbuzz.cpp */; };
		A5F1838569C2B31C37EEC655 /* include_juce_gui_basics.mm in Sources */ = {isa = PBXBuildFile; fileRef = C741E6FB65E82C42CAFA610E /* include_juce_gui_basics.mm */; };
		A9B510883BC09EC55C66E801 /* QuartzCore.framework in Frameworks */ = {isa = PBXBuildFile; fileRef = D0B2FA51745AA41408048620 /* QuartzCore.framework */; };
		B11A20A6A924EA117B7AD3C7 /* include_juce_audio_formats.mm in Sources */ = {isa = PBXBuildFile; fileRef = 24A4CA91E1F85AB81227F6EF /* include_juce_audio_formats.mm */; };
		B12E46D4483BF1A3338DA089 /* CoreMIDI.framework in Frameworks */ = {isa = PBXBuildFile; fileRef = 95B04FA3ABAE8ADD314DABEC /* CoreMIDI.framework */; };
		B60C7478DA54274C4D3E6B65 /* include_juce_graphics_Sheenbidi.c in Sources */ = {isa = PBXBuildFile; fileRef = D8A507DA2B277866759F7EF3 /* include_juce_graphics_Sheenbidi.c */; };
		BDB4A069E1BDFFF410CA0033 /* dbopl.cpp in Sources */ = {isa = PBXBuildFile; fileRef = B996EE0CF16E3A886F913D66 /* dbopl.cpp */; };
		C25B0BF5DBF496A2771C370C /* EnumFloatParameter.cpp in Sources */ = {isa = PBXBuildFile; fileRef = 9588BFCC25C121777DF03D64 /* EnumFloatParameter.cpp */; };
		C2BD191907242DA47DCB9715 /* AVKit.framework in Frameworks */ = {isa = PBXBuildFile; fileRef = 921318A06EAC140A38B5EA20 /* AVKit.framework */; };
		CC5CC93AC941BDC8E226A952 /* Security.framework in Frameworks */ = {isa = PBXBuildFile; fileRef = AF612496A94BEF84AB8CB972 /* Security.framework */; };
		CF8CD90D0E8FD504A9C14D6F /* MetalKit.framework in Frameworks */ = {isa = PBXBuildFile; fileRef = 2FFEC1302E7AD53B504A271E /* MetalKit.framework */; settings = {ATTRIBUTES = (Weak, ); }; };
		D402A155E86E20EEEDC0D995 /* include_juce_audio_plugin_client_ARA.cpp in Sources */ = {isa = PBXBuildFile; fileRef = 63079593C44BF30ABA078F45 /* include_juce_audio_plugin_client_ARA.cpp */; };
		D8821DE2A5FB7EAC495C8750 /* include_juce_core.mm in Sources */ = {isa = PBXBuildFile; fileRef = 1BB3E1AC5465AE7A00AD061D /* include_juce_core.mm */; };
		D9C6DD3D5BF74F3E2B653C10 /* include_juce_audio_basics.mm in Sources */ = {isa = PBXBuildFile; fileRef = 93D4629A965FA15E5E40C4A6 /* include_juce_audio_basics.mm */; };
		DDD15272C3AE2869099757BC /* CoreAudio.framework in Frameworks */ = {isa = PBXBuildFile; fileRef = 9CAE809513FEB16C6F0EFDAF /* CoreAudio.framework */; };
		E0E7834D63A990D80D7B5B19 /* DROMultiplexer.cpp in Sources */ = {isa = PBXBuildFile; fileRef = 126C8E15BBA3EC08A5C154A2 /* DROMultiplexer.cpp */; };
		E247306B2F313FD48EA62ACA /* zdopl.cpp in Sources */ = {isa = PBXBuildFile; fileRef = FA09CD936A6DF096A2BB1B6A /* zdopl.cpp */; };
		EDCC91030FC5C876E7C6B619 /* Accelerate.framework in Frameworks */ = {isa = PBXBuildFile; fileRef = F5432EFBA795497746317DFE /* Accelerate.framework */; };
		F353EEBAA884359D8DE50678 /* include_juce_cryptography.mm in Sources */ = {isa = PBXBuildFile; fileRef = 322B0324DB094A45C84C9AAD /* include_juce_cryptography.mm */; };
		F8B0DA313041254455882AE6 /* include_juce_audio_devices.mm in Sources */ = {isa = PBXBuildFile; fileRef = 62E91590CBC850BEDF59320D /* include_juce_audio_devices.mm */; };
/* End PBXBuildFile section */

/* Begin PBXContainerItemProxy section */
		2BDBBF282E75DA2000372684 /* PBXContainerItemProxy */ = {
			isa = PBXContainerItemProxy;
			containerPortal = 432353E4294ACE6D4C739EDB /* Project object */;
			proxyType = 1;
			remoteGlobalIDString = 0A0C76A9B302C947C23ABDF1;
			remoteInfo = "JuceOPLVSTi - Shared Code";
		};
		2BDBBF292E75DA2000372684 /* PBXContainerItemProxy */ = {
			isa = PBXContainerItemProxy;
			containerPortal = 432353E4294ACE6D4C739EDB /* Project object */;
			proxyType = 1;
			remoteGlobalIDString = 929CC7678B2F938463F65359;
			remoteInfo = "JuceOPLVSTi - VST3 Manifest Helper";
		};
		2BDBBF2A2E75DA2100372684 /* PBXContainerItemProxy */ = {
			isa = PBXContainerItemProxy;
			containerPortal = 432353E4294ACE6D4C739EDB /* Project object */;
			proxyType = 1;
			remoteGlobalIDString = 614461A0CB47BD1CB18480B6;
			remoteInfo = "JuceOPLVSTi - VST3";
		};
		2BDBBF2B2E75DA2100372684 /* PBXContainerItemProxy */ = {
			isa = PBXContainerItemProxy;
			containerPortal = 432353E4294ACE6D4C739EDB /* Project object */;
			proxyType = 1;
			remoteGlobalIDString = 0A0C76A9B302C947C23ABDF1;
			remoteInfo = "JuceOPLVSTi - Shared Code";
		};
		2BDBBF2C2E75DA2100372684 /* PBXContainerItemProxy */ = {
			isa = PBXContainerItemProxy;
			containerPortal = 432353E4294ACE6D4C739EDB /* Project object */;
			proxyType = 1;
			remoteGlobalIDString = 929CC7678B2F938463F65359;
			remoteInfo = "JuceOPLVSTi - VST3 Manifest Helper";
		};
/* End PBXContainerItemProxy section */

/* Begin PBXFileReference section */
		0B56086EA2FC6BA2123BCF47 /* pic.h */ = {isa = PBXFileReference; lastKnownFileType = sourcecode.c.h; name = pic.h; path = ../../Source/pic.h; sourceTree = SOURCE_ROOT; };
		0D8FEDCD6962019A750D745D /* AudioToolbox.framework */ = {isa = PBXFileReference; lastKnownFileType = wrapper.framework; name = AudioToolbox.framework; path = System/Library/Frameworks/AudioToolbox.framework; sourceTree = SDKROOT; };
		0DF036685035D8A7E0293F1C /* Metal.framework */ = {isa = PBXFileReference; lastKnownFileType = wrapper.framework; name = Metal.framework; path = System/Library/Frameworks/Metal.framework; sourceTree = SDKROOT; };
		0FDE9C4B6DC68D92EF3327F4 /* include_juce_core_CompilationTime.cpp */ = {isa = PBXFileReference; lastKnownFileType = sourcecode.cpp.cpp; name = include_juce_core_CompilationTime.cpp; path = ../../JuceLibraryCode/include_juce_core_CompilationTime.cpp; sourceTree = SOURCE_ROOT; };
		108C75A1B51C7C6D1B05EEB0 /* include_juce_video.mm */ = {isa = PBXFileReference; lastKnownFileType = sourcecode.cpp.objcpp; name = include_juce_video.mm; path = ../../JuceLibraryCode/include_juce_video.mm; sourceTree = SOURCE_ROOT; };
		11A017FDD10832C35D31E4D3 /* config.h */ = {isa = PBXFileReference; lastKnownFileType = sourcecode.c.h; name = config.h; path = ../../Source/config.h; sourceTree = SOURCE_ROOT; };
		126C8E15BBA3EC08A5C154A2 /* DROMultiplexer.cpp */ = {isa = PBXFileReference; lastKnownFileType = sourcecode.cpp.cpp; name = DROMultiplexer.cpp; path = ../../Source/DROMultiplexer.cpp; sourceTree = SOURCE_ROOT; };
		142D82A36C9DCE6232B9FE4E /* juce_cryptography */ = {isa = PBXFileReference; lastKnownFileType = folder; name = juce_cryptography; path = ../../JuceLibraryCode/modules/juce_cryptography; sourceTree = SOURCE_ROOT; };
		14EB3F2473944BB711E02F98 /* setup.h */ = {isa = PBXFileReference; lastKnownFileType = sourcecode.c.h; name = setup.h; path = ../../Source/setup.h; sourceTree = SOURCE_ROOT; };
		1A8DB66C6759AE9D15691032 /* tests.cpp */ = {isa = PBXFileReference; lastKnownFileType = sourcecode.cpp.cpp; name = tests.cpp; path = ../../Source/tests.cpp; sourceTree = SOURCE_ROOT; };
		1BB3E1AC5465AE7A00AD061D /* include_juce_core.mm */ = {isa = PBXFileReference; lastKnownFileType = sourcecode.cpp.objcpp; name = include_juce_core.mm; path = ../../JuceLibraryCode/include_juce_core.mm; sourceTree = SOURCE_ROOT; };
		1CBE3B9B9350024BA23B970E /* juce_audio_devices */ = {isa = PBXFileReference; lastKnownFileType = folder; name = juce_audio_devices; path = ../../JuceLibraryCode/modules/juce_audio_devices; sourceTree = SOURCE_ROOT; };
		1E875F17FADD2AA496177B25 /* juce_data_structures */ = {isa = PBXFileReference; lastKnownFileType = folder; name = juce_data_structures; path = ../../JuceLibraryCode/modules/juce_data_structures; sourceTree = SOURCE_ROOT; };
		21A48CC39A3677F9EF322254 /* inout.h */ = {isa = PBXFileReference; lastKnownFileType = sourcecode.c.h; name = inout.h; path = ../../Source/inout.h; sourceTree = SOURCE_ROOT; };
		221AA56D70A6FC62174D578C /* SbiLoader.cpp */ = {isa = PBXFileReference; lastKnownFileType = sourcecode.cpp.cpp; name = SbiLoader.cpp; path = ../../Source/SbiLoader.cpp; sourceTree = SOURCE_ROOT; };
		24A4CA91E1F85AB81227F6EF /* include_juce_audio_formats.mm */ = {isa = PBXFileReference; lastKnownFileType = sourcecode.cpp.objcpp; name = include_juce_audio_formats.mm; path = ../../JuceLibraryCode/include_juce_audio_formats.mm; sourceTree = SOURCE_ROOT; };
		257FCD9BAE2424672F6CE39E /* JuceOPLVSTi.vst3 */ = {isa = PBXFileReference; explicitFileType = wrapper.cfbundle; includeInIndex = 0; path = JuceOPLVSTi.vst3; sourceTree = BUILT_PRODUCTS_DIR; };
		2709966B239C7EAF064F4A48 /* SbiLoader.h */ = {isa = PBXFileReference; lastKnownFileType = sourcecode.c.h; name = SbiLoader.h; path = ../../Source/SbiLoader.h; sourceTree = SOURCE_ROOT; };
		27E6125A4E21ADD1043E3339 /* CoreMedia.framework */ = {isa = PBXFileReference; lastKnownFileType = wrapper.framework; name = CoreMedia.framework; path = System/Library/Frameworks/CoreMedia.framework; sourceTree = SDKROOT; };
		2B8BAA4CF5CC64D474C1FF95 /* include_juce_audio_processors_lv2_libs.cpp */ = {isa = PBXFileReference; lastKnownFileType = sourcecode.cpp.cpp; name = include_juce_audio_processors_lv2_libs.cpp; path = ../../JuceLibraryCode/include_juce_audio_processors_lv2_libs.cpp; sourceTree = SOURCE_ROOT; };
		2FFEC1302E7AD53B504A271E /* MetalKit.framework */ = {isa = PBXFileReference; lastKnownFileType = wrapper.framework; name = MetalKit.framework; path = System/Library/Frameworks/MetalKit.framework; sourceTree = SDKROOT; };
		3111ED9FC95DB009E11D089B /* adlib.h */ = {isa = PBXFileReference; lastKnownFileType = sourcecode.c.h; name = adlib.h; path = ../../Source/adlib.h; sourceTree = SOURCE_ROOT; };
		322B0324DB094A45C84C9AAD /* include_juce_cryptography.mm */ = {isa = PBXFileReference; lastKnownFileType = sourcecode.cpp.objcpp; name = include_juce_cryptography.mm; path = ../../JuceLibraryCode/include_juce_cryptography.mm; sourceTree = SOURCE_ROOT; };
		32A2A75119003C67ADAF8A0D /* juce_audio_plugin_client */ = {isa = PBXFileReference; lastKnownFileType = folder; name = juce_audio_plugin_client; path = ../../JuceLibraryCode/modules/juce_audio_plugin_client; sourceTree = SOURCE_ROOT; };
		33AAD79150C746213F75CEE6 /* juce_video */ = {isa = PBXFileReference; lastKnownFileType = folder; name = juce_video; path = ../../JuceLibraryCode/modules/juce_video; sourceTree = SOURCE_ROOT; };
		34B65CC4809C15FFF4AB18E8 /* Foundation.framework */ = {isa = PBXFileReference; lastKnownFileType = wrapper.framework; name = Foundation.framework; path = System/Library/Frameworks/Foundation.framework; sourceTree = SDKROOT; };
		37284DF5DC25AC7AC39F1494 /* EnumFloatParameter.h */ = {isa = PBXFileReference; lastKnownFileType = sourcecode.c.h; name = EnumFloatParameter.h; path = ../../Source/EnumFloatParameter.h; sourceTree = SOURCE_ROOT; };
		413A60DFCADA73BD5E189763 /* OpenGL.framework */ = {isa = PBXFileReference; lastKnownFileType = wrapper.framework; name = OpenGL.framework; path = System/Library/Frameworks/OpenGL.framework; sourceTree = SDKROOT; };
		4C44E59B55BC1116CCC247BE /* include_juce_audio_processors.mm */ = {isa = PBXFileReference; lastKnownFileType = sourcecode.cpp.objcpp; name = include_juce_audio_processors.mm; path = ../../JuceLibraryCode/include_juce_audio_processors.mm; sourceTree = SOURCE_ROOT; };
		4CD636BF7D8716376C8B15A8 /* juce_opengl */ = {isa = PBXFileReference; lastKnownFileType = folder; name = juce_opengl; path = ../../JuceLibraryCode/modules/juce_opengl; sourceTree = SOURCE_ROOT; };
		4D1235CFF374401F0ABB5072 /* include_juce_opengl.mm */ = {isa = PBXFileReference; lastKnownFileType = sourcecode.cpp.objcpp; name = include_juce_opengl.mm; path = ../../JuceLibraryCode/include_juce_opengl.mm; sourceTree = SOURCE_ROOT; };
		4EF6C73D3018813335D4D011 /* juce_gui_extra */ = {isa = PBXFileReference; lastKnownFileType = folder; name = juce_gui_extra; path = ../../JuceLibraryCode/modules/juce_gui_extra; sourceTree = SOURCE_ROOT; };
		4F582FFAF4C03FA2A3ECD5FA /* opl.h */ = {isa = PBXFileReference; lastKnownFileType = sourcecode.c.h; name = opl.h; path = ../../Source/opl.h; sourceTree = SOURCE_ROOT; };
		5172C5ED5DA5D491C2E4FEA4 /* FloatParameter.h */ = {isa = PBXFileReference; lastKnownFileType = sourcecode.c.h; name = FloatParameter.h; path = ../../Source/FloatParameter.h; sourceTree = SOURCE_ROOT; };
		5A4349373F4C471977D2F371 /* DROMultiplexer.h */ = {isa = PBXFileReference; lastKnownFileType = sourcecode.c.h; name = DROMultiplexer.h; path = ../../Source/DROMultiplexer.h; sourceTree = SOURCE_ROOT; };
		5C6EFC9C85CC3C57B4434925 /* hardware.h */ = {isa = PBXFileReference; lastKnownFileType = sourcecode.c.h; name = hardware.h; path = ../../Source/hardware.h; sourceTree = SOURCE_ROOT; };
		5DABC97DDF40090AF185D21C /* juce_gui_basics */ = {isa = PBXFileReference; lastKnownFileType = folder; name = juce_gui_basics; path = ../../JuceLibraryCode/modules/juce_gui_basics; sourceTree = SOURCE_ROOT; };
		62E91590CBC850BEDF59320D /* include_juce_audio_devices.mm */ = {isa = PBXFileReference; lastKnownFileType = sourcecode.cpp.objcpp; name = include_juce_audio_devices.mm; path = ../../JuceLibraryCode/include_juce_audio_devices.mm; sourceTree = SOURCE_ROOT; };
		63079593C44BF30ABA078F45 /* include_juce_audio_plugin_client_ARA.cpp */ = {isa = PBXFileReference; lastKnownFileType = sourcecode.cpp.cpp; name = include_juce_audio_plugin_client_ARA.cpp; path = ../../JuceLibraryCode/include_juce_audio_plugin_client_ARA.cpp; sourceTree = SOURCE_ROOT; };
		63FCDFB722C81B1FE34362B7 /* Info-VST3_Manifest_Helper.plist */ = {isa = PBXFileReference; lastKnownFileType = text.plist.xml; path = "Info-VST3_Manifest_Helper.plist"; sourceTree = SOURCE_ROOT; };
		686C2FA146B663C3BC61A942 /* PluginGui.h */ = {isa = PBXFileReference; lastKnownFileType = sourcecode.c.h; name = PluginGui.h; path = ../../Source/PluginGui.h; sourceTree = SOURCE_ROOT; };
		78E6DF910D91E12A16C5F8F9 /* PluginGui.cpp */ = {isa = PBXFileReference; lastKnownFileType = sourcecode.cpp.cpp; name = PluginGui.cpp; path = ../../Source/PluginGui.cpp; sourceTree = SOURCE_ROOT; };
		7E0BC0B14FEAA8D72A75E39C /* hiopl.cpp */ = {isa = PBXFileReference; lastKnownFileType = sourcecode.cpp.cpp; name = hiopl.cpp; path = ../../Source/hiopl.cpp; sourceTree = SOURCE_ROOT; };
		7FDC03E1F26CC7FE33230528 /* juce_audio_processors */ = {isa = PBXFileReference; lastKnownFileType = folder; name = juce_audio_processors; path = ../../JuceLibraryCode/modules/juce_audio_processors; sourceTree = SOURCE_ROOT; };
		84296EC22BC57D9D780E3372 /* IOKit.framework */ = {isa = PBXFileReference; lastKnownFileType = wrapper.framework; name = IOKit.framework; path = System/Library/Frameworks/IOKit.framework; sourceTree = SDKROOT; };
		87FD6F0629A4194702406670 /* Cocoa.framework */ = {isa = PBXFileReference; lastKnownFileType = wrapper.framework; name = Cocoa.framework; path = System/Library/Frameworks/Cocoa.framework; sourceTree = SDKROOT; };
		8AE39CF2AB0D2D500E62261D /* include_juce_data_structures.mm */ = {isa = PBXFileReference; lastKnownFileType = sourcecode.cpp.objcpp; name = include_juce_data_structures.mm; path = ../../JuceLibraryCode/include_juce_data_structures.mm; sourceTree = SOURCE_ROOT; };
		8D015A18E0E2FA2CC3A59983 /* include_juce_events.mm */ = {isa = PBXFileReference; lastKnownFileType = sourcecode.cpp.objcpp; name = include_juce_events.mm; path = ../../JuceLibraryCode/include_juce_events.mm; sourceTree = SOURCE_ROOT; };
		921318A06EAC140A38B5EA20 /* AVKit.framework */ = {isa = PBXFileReference; lastKnownFileType = wrapper.framework; name = AVKit.framework; path = System/Library/Frameworks/AVKit.framework; sourceTree = SDKROOT; };
		93D4629A965FA15E5E40C4A6 /* include_juce_audio_basics.mm */ = {isa = PBXFileReference; lastKnownFileType = sourcecode.cpp.objcpp; name = include_juce_audio_basics.mm; path = ../../JuceLibraryCode/include_juce_audio_basics.mm; sourceTree = SOURCE_ROOT; };
		9411CBCF90C16DB43882A583 /* IntFloatParameter.cpp */ = {isa = PBXFileReference; lastKnownFileType = sourcecode.cpp.cpp; name = IntFloatParameter.cpp; path = ../../Source/IntFloatParameter.cpp; sourceTree = SOURCE_ROOT; };
		9588BFCC25C121777DF03D64 /* EnumFloatParameter.cpp */ = {isa = PBXFileReference; lastKnownFileType = sourcecode.cpp.cpp; name = EnumFloatParameter.cpp; path = ../../Source/EnumFloatParameter.cpp; sourceTree = SOURCE_ROOT; };
		95B04FA3ABAE8ADD314DABEC /* CoreMIDI.framework */ = {isa = PBXFileReference; lastKnownFileType = wrapper.framework; name = CoreMIDI.framework; path = System/Library/Frameworks/CoreMIDI.framework; sourceTree = SDKROOT; };
		98EF4C169A6FB2496370EA5F /* logging.h */ = {isa = PBXFileReference; lastKnownFileType = sourcecode.c.h; name = logging.h; path = ../../Source/logging.h; sourceTree = SOURCE_ROOT; };
		9B13F1911E7CFE448BBE1989 /* mixer.h */ = {isa = PBXFileReference; lastKnownFileType = sourcecode.c.h; name = mixer.h; path = ../../Source/mixer.h; sourceTree = SOURCE_ROOT; };
		9B7407146CBF3481359C96CC /* juce_VST3ManifestHelper.mm */ = {isa = PBXFileReference; lastKnownFileType = sourcecode.cpp.objcpp; name = juce_VST3ManifestHelper.mm; path = ../../JuceLibraryCode/modules/juce_audio_plugin_client/VST3/juce_VST3ManifestHelper.mm; sourceTree = SOURCE_ROOT; };
		9CAE809513FEB16C6F0EFDAF /* CoreAudio.framework */ = {isa = PBXFileReference; lastKnownFileType = wrapper.framework; name = CoreAudio.framework; path = System/Library/Frameworks/CoreAudio.framework; sourceTree = SDKROOT; };
		9F6C4C93D2FA0BDC04BF7CB1 /* PluginProcessor.cpp */ = {isa = PBXFileReference; lastKnownFileType = sourcecode.cpp.cpp; name = PluginProcessor.cpp; path = ../../Source/PluginProcessor.cpp; sourceTree = SOURCE_ROOT; };
		A94858D80177E6C070EE133B /* Info-VST3.plist */ = {isa = PBXFileReference; lastKnownFileType = text.plist.xml; path = "Info-VST3.plist"; sourceTree = SOURCE_ROOT; };
		ABCF9710F7270056853BA0FB /* juce_audio_formats */ = {isa = PBXFileReference; lastKnownFileType = folder; name = juce_audio_formats; path = ../../JuceLibraryCode/modules/juce_audio_formats; sourceTree = SOURCE_ROOT; };
		ACA80E3573B519826DAF4147 /* dbopl.h */ = {isa = PBXFileReference; lastKnownFileType = sourcecode.c.h; name = dbopl.h; path = ../../Source/dbopl.h; sourceTree = SOURCE_ROOT; };
		AD33D9228CF7744B18CE03C4 /* zdopl.h */ = {isa = PBXFileReference; lastKnownFileType = sourcecode.c.h; name = zdopl.h; path = ../../Source/zdopl.h; sourceTree = SOURCE_ROOT; };
		AF612496A94BEF84AB8CB972 /* Security.framework */ = {isa = PBXFileReference; lastKnownFileType = wrapper.framework; name = Security.framework; path = System/Library/Frameworks/Security.framework; sourceTree = SDKROOT; };
		B996EE0CF16E3A886F913D66 /* dbopl.cpp */ = {isa = PBXFileReference; lastKnownFileType = sourcecode.cpp.cpp; name = dbopl.cpp; path = ../../Source/dbopl.cpp; sourceTree = SOURCE_ROOT; };
		B9E8957FA7DB2BF5FF8A9514 /* juce_audio_basics */ = {isa = PBXFileReference; lastKnownFileType = folder; name = juce_audio_basics; path = ../../JuceLibraryCode/modules/juce_audio_basics; sourceTree = SOURCE_ROOT; };
		BBC15A51C8CBC725BF77CF83 /* dosbox.h */ = {isa = PBXFileReference; lastKnownFileType = sourcecode.c.h; name = dosbox.h; path = ../../Source/dosbox.h; sourceTree = SOURCE_ROOT; };
		BDC14F0683CBA93BF6B1BCE7 /* RecentFilesMenuTemplate.nib */ = {isa = PBXFileReference; lastKnownFileType = file.nib; path = RecentFilesMenuTemplate.nib; sourceTree = SOURCE_ROOT; };
		C709EB985EA6072FF6C42F2C /* include_juce_audio_plugin_client_VST3.mm */ = {isa = PBXFileReference; lastKnownFileType = sourcecode.cpp.objcpp; name = include_juce_audio_plugin_client_VST3.mm; path = ../../JuceLibraryCode/include_juce_audio_plugin_client_VST3.mm; sourceTree = SOURCE_ROOT; };
		C741E6FB65E82C42CAFA610E /* include_juce_gui_basics.mm */ = {isa = PBXFileReference; lastKnownFileType = sourcecode.cpp.objcpp; name = include_juce_gui_basics.mm; path = ../../JuceLibraryCode/include_juce_gui_basics.mm; sourceTree = SOURCE_ROOT; };
		C90E0B50FAF99EAC21F041C3 /* AppConfig.h */ = {isa = PBXFileReference; lastKnownFileType = sourcecode.c.h; name = AppConfig.h; path = ../../JuceLibraryCode/AppConfig.h; sourceTree = SOURCE_ROOT; };
		CB6103B093E20590E1EE40C5 /* juce_core */ = {isa = PBXFileReference; lastKnownFileType = folder; name = juce_core; path = ../../JuceLibraryCode/modules/juce_core; sourceTree = SOURCE_ROOT; };
		CE2C7B98AB4F3E382265E2CB /* juce_events */ = {isa = PBXFileReference; lastKnownFileType = folder; name = juce_events; path = ../../JuceLibraryCode/modules/juce_events; sourceTree = SOURCE_ROOT; };
		D0B2FA51745AA41408048620 /* QuartzCore.framework */ = {isa = PBXFileReference; lastKnownFileType = wrapper.framework; name = QuartzCore.framework; path = System/Library/Frameworks/QuartzCore.framework; sourceTree = SDKROOT; };
		D503B6050F71A320A772DFF7 /* AVFoundation.framework */ = {isa = PBXFileReference; lastKnownFileType = wrapper.framework; name = AVFoundation.framework; path = System/Library/Frameworks/AVFoundation.framework; sourceTree = SDKROOT; };
		D5BAA52A735AB3AFAB0B8B44 /* InstrumentLoader.h */ = {isa = PBXFileReference; lastKnownFileType = sourcecode.c.h; name = InstrumentLoader.h; path = ../../Source/InstrumentLoader.h; sourceTree = SOURCE_ROOT; };
		D6FF06CA498EA0D62C75E042 /* include_juce_graphics.mm */ = {isa = PBXFileReference; lastKnownFileType = sourcecode.cpp.objcpp; name = include_juce_graphics.mm; path = ../../JuceLibraryCode/include_juce_graphics.mm; sourceTree = SOURCE_ROOT; };
		D8A507DA2B277866759F7EF3 /* include_juce_graphics_Sheenbidi.c */ = {isa = PBXFileReference; lastKnownFileType = sourcecode.c.c; name = include_juce_graphics_Sheenbidi.c; path = ../../JuceLibraryCode/include_juce_graphics_Sheenbidi.c; sourceTree = SOURCE_ROOT; };
		DC2241E950E38B8AFC04DBF1 /* JuceHeader.h */ = {isa = PBXFileReference; lastKnownFileType = sourcecode.c.h; name = JuceHeader.h; path = ../../JuceLibraryCode/JuceHeader.h; sourceTree = SOURCE_ROOT; };
		DD59A90FE8D80989CD94A08B /* FloatParameter.cpp */ = {isa = PBXFileReference; lastKnownFileType = sourcecode.cpp.cpp; name = FloatParameter.cpp; path = ../../Source/FloatParameter.cpp; sourceTree = SOURCE_ROOT; };
		DE853C3BAB1B6CB377CF0943 /* IntFloatParameter.h */ = {isa = PBXFileReference; lastKnownFileType = sourcecode.c.h; name = IntFloatParameter.h; path = ../../Source/IntFloatParameter.h; sourceTree = SOURCE_ROOT; };
		E0FE7693FB92022105D0CE59 /* WebKit.framework */ = {isa = PBXFileReference; lastKnownFileType = wrapper.framework; name = WebKit.framework; path = System/Library/Frameworks/WebKit.framework; sourceTree = SDKROOT; };
		E177DB80C8904866BF697847 /* PluginProcessor.h */ = {isa = PBXFileReference; lastKnownFileType = sourcecode.c.h; name = PluginProcessor.h; path = ../../Source/PluginProcessor.h; sourceTree = SOURCE_ROOT; };
		EE0ECA402F9403E4CA60F2AD /* libJuceOPLVSTi.a */ = {isa = PBXFileReference; explicitFileType = archive.ar; includeInIndex = 0; path = libJuceOPLVSTi.a; sourceTree = BUILT_PRODUCTS_DIR; };
		EE13CF44614587717A3123F6 /* include_juce_gui_extra.mm */ = {isa = PBXFileReference; lastKnownFileType = sourcecode.cpp.objcpp; name = include_juce_gui_extra.mm; path = ../../JuceLibraryCode/include_juce_gui_extra.mm; sourceTree = SOURCE_ROOT; };
		EEF1894909D185272CCB367C /* JucePluginDefines.h */ = {isa = PBXFileReference; lastKnownFileType = sourcecode.c.h; name = JucePluginDefines.h; path = ../../JuceLibraryCode/JucePluginDefines.h; sourceTree = SOURCE_ROOT; };
		EF6804C9F8EB392A230FBE84 /* juce_vst3_helper */ = {isa = PBXFileReference; explicitFileType = "compiled.mach-o.executable"; includeInIndex = 0; path = juce_vst3_helper; sourceTree = BUILT_PRODUCTS_DIR; };
		F14144F1F889544A70232868 /* include_juce_audio_processors_ara.cpp */ = {isa = PBXFileReference; lastKnownFileType = sourcecode.cpp.cpp; name = include_juce_audio_processors_ara.cpp; path = ../../JuceLibraryCode/include_juce_audio_processors_ara.cpp; sourceTree = SOURCE_ROOT; };
		F4F0847A72456FD62EDD2A97 /* juce_graphics */ = {isa = PBXFileReference; lastKnownFileType = folder; name = juce_graphics; path = ../../JuceLibraryCode/modules/juce_graphics; sourceTree = SOURCE_ROOT; };
		F5432EFBA795497746317DFE /* Accelerate.framework */ = {isa = PBXFileReference; lastKnownFileType = wrapper.framework; name = Accelerate.framework; path = System/Library/Frameworks/Accelerate.framework; sourceTree = SDKROOT; };
		F7AFB46F4CD3851D7337B0C9 /* hiopl.h */ = {isa = PBXFileReference; lastKnownFileType = sourcecode.c.h; name = hiopl.h; path = ../../Source/hiopl.h; sourceTree = SOURCE_ROOT; };
		FA09CD936A6DF096A2BB1B6A /* zdopl.cpp */ = {isa = PBXFileReference; lastKnownFileType = sourcecode.cpp.cpp; name = zdopl.cpp; path = ../../Source/zdopl.cpp; sourceTree = SOURCE_ROOT; };
		FDE091899514D6274DE86394 /* include_juce_graphics_Harfbuzz.cpp */ = {isa = PBXFileReference; lastKnownFileType = sourcecode.cpp.cpp; name = include_juce_graphics_Harfbuzz.cpp; path = ../../JuceLibraryCode/include_juce_graphics_Harfbuzz.cpp; sourceTree = SOURCE_ROOT; };
/* End PBXFileReference section */

/* Begin PBXFrameworksBuildPhase section */
		8A27A00C8ACA3BAC1B2B32BE /* Frameworks */ = {
			isa = PBXFrameworksBuildPhase;
			buildActionMask = 2147483647;
			files = (
				2BDBBF172E75DA1D00372684 /* Accelerate.framework in Frameworks */,
				2BDBBF182E75DA1D00372684 /* AudioToolbox.framework in Frameworks */,
				2BDBBF192E75DA1D00372684 /* AVFoundation.framework in Frameworks */,
				2BDBBF1A2E75DA1D00372684 /* AVKit.framework in Frameworks */,
				2BDBBF1B2E75DA1D00372684 /* Cocoa.framework in Frameworks */,
				2BDBBF1C2E75DA1D00372684 /* CoreAudio.framework in Frameworks */,
				2BDBBF1D2E75DA1D00372684 /* CoreMedia.framework in Frameworks */,
				2BDBBF1E2E75DA1D00372684 /* CoreMIDI.framework in Frameworks */,
				2BDBBF1F2E75DA1D00372684 /* Foundation.framework in Frameworks */,
				2BDBBF202E75DA1D00372684 /* IOKit.framework in Frameworks */,
				2BDBBF212E75DA1D00372684 /* OpenGL.framework in Frameworks */,
				2BDBBF222E75DA1D00372684 /* QuartzCore.framework in Frameworks */,
				2BDBBF232E75DA1D00372684 /* Security.framework in Frameworks */,
				2BDBBF242E75DA1D00372684 /* WebKit.framework in Frameworks */,
				2BDBBF252E75DA1D00372684 /* Metal.framework in Frameworks */,
				2BDBBF262E75DA1D00372684 /* MetalKit.framework in Frameworks */,
			);
			runOnlyForDeploymentPostprocessing = 0;
		};
		A2FBAFB06E9AB5656D841077 /* Frameworks */ = {
			isa = PBXFrameworksBuildPhase;
			buildActionMask = 2147483647;
			files = (
				EDCC91030FC5C876E7C6B619 /* Accelerate.framework in Frameworks */,
				21F395B258BD28637A5E8C70 /* AudioToolbox.framework in Frameworks */,
				4C570116424195302F9C1BBC /* AVFoundation.framework in Frameworks */,
				C2BD191907242DA47DCB9715 /* AVKit.framework in Frameworks */,
				06193B110E52B1D693457927 /* Cocoa.framework in Frameworks */,
				DDD15272C3AE2869099757BC /* CoreAudio.framework in Frameworks */,
				21ED4602FB6BBEEF24AB08AE /* CoreMedia.framework in Frameworks */,
				B12E46D4483BF1A3338DA089 /* CoreMIDI.framework in Frameworks */,
				9FDD64A2D56F12391B9FF02C /* Foundation.framework in Frameworks */,
				0BB06CAD1AC59924CAB71333 /* IOKit.framework in Frameworks */,
				630657698CEA0CFB807917E3 /* OpenGL.framework in Frameworks */,
				A9B510883BC09EC55C66E801 /* QuartzCore.framework in Frameworks */,
				CC5CC93AC941BDC8E226A952 /* Security.framework in Frameworks */,
				8C138897FEC4F25C69444C89 /* WebKit.framework in Frameworks */,
				6985DD261AB2D492820B4158 /* Metal.framework in Frameworks */,
				CF8CD90D0E8FD504A9C14D6F /* MetalKit.framework in Frameworks */,
			);
			runOnlyForDeploymentPostprocessing = 0;
		};
/* End PBXFrameworksBuildPhase section */

/* Begin PBXGroup section */
		2A1344192A164C617B6713EC /* JuceOPLVSTi */ = {
			isa = PBXGroup;
			children = (
				9A7F67E50F9458EEA7C35409 /* Source */,
			);
			name = JuceOPLVSTi;
			sourceTree = "<group>";
		};
		2BDBBF272E75DA1D00372684 /* Recovered References */ = {
			isa = PBXGroup;
			children = (
				9B7407146CBF3481359C96CC /* juce_VST3ManifestHelper.mm */,
			);
			name = "Recovered References";
			sourceTree = "<group>";
		};
		37DBCB304EE3628A1B8EB280 /* JUCE Modules */ = {
			isa = PBXGroup;
			children = (
				B9E8957FA7DB2BF5FF8A9514 /* juce_audio_basics */,
				1CBE3B9B9350024BA23B970E /* juce_audio_devices */,
				ABCF9710F7270056853BA0FB /* juce_audio_formats */,
				32A2A75119003C67ADAF8A0D /* juce_audio_plugin_client */,
				7FDC03E1F26CC7FE33230528 /* juce_audio_processors */,
				CB6103B093E20590E1EE40C5 /* juce_core */,
				142D82A36C9DCE6232B9FE4E /* juce_cryptography */,
				1E875F17FADD2AA496177B25 /* juce_data_structures */,
				CE2C7B98AB4F3E382265E2CB /* juce_events */,
				F4F0847A72456FD62EDD2A97 /* juce_graphics */,
				5DABC97DDF40090AF185D21C /* juce_gui_basics */,
				4EF6C73D3018813335D4D011 /* juce_gui_extra */,
				4CD636BF7D8716376C8B15A8 /* juce_opengl */,
				33AAD79150C746213F75CEE6 /* juce_video */,
			);
			name = "JUCE Modules";
			sourceTree = "<group>";
		};
		5C0D29ED8E22DE51A7D72C43 /* Products */ = {
			isa = PBXGroup;
			children = (
				257FCD9BAE2424672F6CE39E /* JuceOPLVSTi.vst3 */,
				EE0ECA402F9403E4CA60F2AD /* libJuceOPLVSTi.a */,
				EF6804C9F8EB392A230FBE84 /* juce_vst3_helper */,
			);
			name = Products;
			sourceTree = "<group>";
		};
		6385B4DA53D79A4F590D4ADE /* Resources */ = {
			isa = PBXGroup;
			children = (
				A94858D80177E6C070EE133B /* Info-VST3.plist */,
				63FCDFB722C81B1FE34362B7 /* Info-VST3_Manifest_Helper.plist */,
				BDC14F0683CBA93BF6B1BCE7 /* RecentFilesMenuTemplate.nib */,
			);
			name = Resources;
			sourceTree = "<group>";
		};
		8BDA808CEA3375576D0549D6 /* Frameworks */ = {
			isa = PBXGroup;
			children = (
				F5432EFBA795497746317DFE /* Accelerate.framework */,
				0D8FEDCD6962019A750D745D /* AudioToolbox.framework */,
				D503B6050F71A320A772DFF7 /* AVFoundation.framework */,
				921318A06EAC140A38B5EA20 /* AVKit.framework */,
				87FD6F0629A4194702406670 /* Cocoa.framework */,
				9CAE809513FEB16C6F0EFDAF /* CoreAudio.framework */,
				27E6125A4E21ADD1043E3339 /* CoreMedia.framework */,
				95B04FA3ABAE8ADD314DABEC /* CoreMIDI.framework */,
				34B65CC4809C15FFF4AB18E8 /* Foundation.framework */,
				84296EC22BC57D9D780E3372 /* IOKit.framework */,
				413A60DFCADA73BD5E189763 /* OpenGL.framework */,
				D0B2FA51745AA41408048620 /* QuartzCore.framework */,
				AF612496A94BEF84AB8CB972 /* Security.framework */,
				E0FE7693FB92022105D0CE59 /* WebKit.framework */,
				0DF036685035D8A7E0293F1C /* Metal.framework */,
				2FFEC1302E7AD53B504A271E /* MetalKit.framework */,
			);
			name = Frameworks;
			sourceTree = "<group>";
		};
		9A7F67E50F9458EEA7C35409 /* Source */ = {
			isa = PBXGroup;
			children = (
				126C8E15BBA3EC08A5C154A2 /* DROMultiplexer.cpp */,
				5A4349373F4C471977D2F371 /* DROMultiplexer.h */,
				1A8DB66C6759AE9D15691032 /* tests.cpp */,
				FA09CD936A6DF096A2BB1B6A /* zdopl.cpp */,
				AD33D9228CF7744B18CE03C4 /* zdopl.h */,
				D5BAA52A735AB3AFAB0B8B44 /* InstrumentLoader.h */,
				221AA56D70A6FC62174D578C /* SbiLoader.cpp */,
				2709966B239C7EAF064F4A48 /* SbiLoader.h */,
				9411CBCF90C16DB43882A583 /* IntFloatParameter.cpp */,
				DE853C3BAB1B6CB377CF0943 /* IntFloatParameter.h */,
				9588BFCC25C121777DF03D64 /* EnumFloatParameter.cpp */,
				37284DF5DC25AC7AC39F1494 /* EnumFloatParameter.h */,
				DD59A90FE8D80989CD94A08B /* FloatParameter.cpp */,
				5172C5ED5DA5D491C2E4FEA4 /* FloatParameter.h */,
				78E6DF910D91E12A16C5F8F9 /* PluginGui.cpp */,
				686C2FA146B663C3BC61A942 /* PluginGui.h */,
				3111ED9FC95DB009E11D089B /* adlib.h */,
				11A017FDD10832C35D31E4D3 /* config.h */,
				B996EE0CF16E3A886F913D66 /* dbopl.cpp */,
				ACA80E3573B519826DAF4147 /* dbopl.h */,
				BBC15A51C8CBC725BF77CF83 /* dosbox.h */,
				5C6EFC9C85CC3C57B4434925 /* hardware.h */,
				7E0BC0B14FEAA8D72A75E39C /* hiopl.cpp */,
				F7AFB46F4CD3851D7337B0C9 /* hiopl.h */,
				21A48CC39A3677F9EF322254 /* inout.h */,
				98EF4C169A6FB2496370EA5F /* logging.h */,
				9B13F1911E7CFE448BBE1989 /* mixer.h */,
				4F582FFAF4C03FA2A3ECD5FA /* opl.h */,
				0B56086EA2FC6BA2123BCF47 /* pic.h */,
				9F6C4C93D2FA0BDC04BF7CB1 /* PluginProcessor.cpp */,
				E177DB80C8904866BF697847 /* PluginProcessor.h */,
				14EB3F2473944BB711E02F98 /* setup.h */,
			);
			name = Source;
			sourceTree = "<group>";
		};
		B06979DDFCFDF3DCFA575E76 /* JUCE Library Code */ = {
			isa = PBXGroup;
			children = (
				C90E0B50FAF99EAC21F041C3 /* AppConfig.h */,
				93D4629A965FA15E5E40C4A6 /* include_juce_audio_basics.mm */,
				62E91590CBC850BEDF59320D /* include_juce_audio_devices.mm */,
				24A4CA91E1F85AB81227F6EF /* include_juce_audio_formats.mm */,
				63079593C44BF30ABA078F45 /* include_juce_audio_plugin_client_ARA.cpp */,
				C709EB985EA6072FF6C42F2C /* include_juce_audio_plugin_client_VST3.mm */,
				4C44E59B55BC1116CCC247BE /* include_juce_audio_processors.mm */,
				F14144F1F889544A70232868 /* include_juce_audio_processors_ara.cpp */,
				2B8BAA4CF5CC64D474C1FF95 /* include_juce_audio_processors_lv2_libs.cpp */,
				1BB3E1AC5465AE7A00AD061D /* include_juce_core.mm */,
				0FDE9C4B6DC68D92EF3327F4 /* include_juce_core_CompilationTime.cpp */,
				322B0324DB094A45C84C9AAD /* include_juce_cryptography.mm */,
				8AE39CF2AB0D2D500E62261D /* include_juce_data_structures.mm */,
				8D015A18E0E2FA2CC3A59983 /* include_juce_events.mm */,
				D6FF06CA498EA0D62C75E042 /* include_juce_graphics.mm */,
				FDE091899514D6274DE86394 /* include_juce_graphics_Harfbuzz.cpp */,
				D8A507DA2B277866759F7EF3 /* include_juce_graphics_Sheenbidi.c */,
				C741E6FB65E82C42CAFA610E /* include_juce_gui_basics.mm */,
				EE13CF44614587717A3123F6 /* include_juce_gui_extra.mm */,
				4D1235CFF374401F0ABB5072 /* include_juce_opengl.mm */,
				108C75A1B51C7C6D1B05EEB0 /* include_juce_video.mm */,
				DC2241E950E38B8AFC04DBF1 /* JuceHeader.h */,
				EEF1894909D185272CCB367C /* JucePluginDefines.h */,
			);
			name = "JUCE Library Code";
			sourceTree = "<group>";
		};
		D17F0C768A55F6BA46209636 /* Source */ = {
			isa = PBXGroup;
			children = (
				2A1344192A164C617B6713EC /* JuceOPLVSTi */,
				37DBCB304EE3628A1B8EB280 /* JUCE Modules */,
				B06979DDFCFDF3DCFA575E76 /* JUCE Library Code */,
				6385B4DA53D79A4F590D4ADE /* Resources */,
				8BDA808CEA3375576D0549D6 /* Frameworks */,
				5C0D29ED8E22DE51A7D72C43 /* Products */,
				2BDBBF272E75DA1D00372684 /* Recovered References */,
			);
			name = Source;
			sourceTree = "<group>";
		};
/* End PBXGroup section */

/* Begin PBXNativeTarget section */
		0A0C76A9B302C947C23ABDF1 /* JuceOPLVSTi - Shared Code */ = {
			isa = PBXNativeTarget;
			buildConfigurationList = 59243B8572F594478324FB45 /* Build configuration list for PBXNativeTarget "JuceOPLVSTi - Shared Code" */;
			buildPhases = (
				4C512ABC7B1A8B056A7176D6 /* Sources */,
			);
			buildRules = (
			);
			dependencies = (
			);
			name = "JuceOPLVSTi - Shared Code";
			productName = JuceOPLVSTi;
			productReference = EE0ECA402F9403E4CA60F2AD /* libJuceOPLVSTi.a */;
			productType = "com.apple.product-type.library.static";
		};
		614461A0CB47BD1CB18480B6 /* JuceOPLVSTi - VST3 */ = {
			isa = PBXNativeTarget;
			buildConfigurationList = 5959184446B8B1BF1D8D33C5 /* Build configuration list for PBXNativeTarget "JuceOPLVSTi - VST3" */;
			buildPhases = (
				17AA747BA0DDDF0F0940856A /* Resources */,
				B0E3E58D0AFD2E319D11F5B7 /* Sources */,
				8A27A00C8ACA3BAC1B2B32BE /* Frameworks */,
				6892DF93718FC70B47CCAB03 /* Update manifest */,
				6FA1F1FA10B845AFD7E09662 /* Plugin Copy Step */,
			);
			buildRules = (
			);
			dependencies = (
				0DB712BDCB5F06934B66AE59 /* PBXTargetDependency */,
				C8BEE129FA13238DF7E6A3D2 /* PBXTargetDependency */,
			);
			name = "JuceOPLVSTi - VST3";
			productName = JuceOPLVSTi;
			productReference = 257FCD9BAE2424672F6CE39E /* JuceOPLVSTi.vst3 */;
			productType = "com.apple.product-type.bundle";
		};
		929CC7678B2F938463F65359 /* JuceOPLVSTi - VST3 Manifest Helper */ = {
			isa = PBXNativeTarget;
			buildConfigurationList = 93B3A2980D627D56E7727B25 /* Build configuration list for PBXNativeTarget "JuceOPLVSTi - VST3 Manifest Helper" */;
			buildPhases = (
				CD79B986EAFB41FA0A609A90 /* Sources */,
				A2FBAFB06E9AB5656D841077 /* Frameworks */,
			);
			buildRules = (
			);
			dependencies = (
			);
			name = "JuceOPLVSTi - VST3 Manifest Helper";
			productName = JuceOPLVSTi;
			productReference = EF6804C9F8EB392A230FBE84 /* juce_vst3_helper */;
			productType = "com.apple.product-type.tool";
		};
/* End PBXNativeTarget section */

/* Begin PBXProject section */
		432353E4294ACE6D4C739EDB /* Project object */ = {
			isa = PBXProject;
			attributes = {
				LastUpgradeCheck = 1340;
				ORGANIZATIONNAME = "";
				TargetAttributes = {
					0A0C76A9B302C947C23ABDF1 = {
						SystemCapabilities = {
							com.apple.ApplicationGroups.iOS = {
								enabled = 0;
							};
							com.apple.HardenedRuntime = {
								enabled = 0;
							};
							com.apple.InAppPurchase = {
								enabled = 0;
							};
							com.apple.InterAppAudio = {
								enabled = 0;
							};
							com.apple.Push = {
								enabled = 0;
							};
							com.apple.Sandbox = {
								enabled = 0;
							};
						};
					};
					2163AFA720A2DD8118C07EFA = {
						SystemCapabilities = {
							com.apple.ApplicationGroups.iOS = {
								enabled = 0;
							};
							com.apple.HardenedRuntime = {
								enabled = 0;
							};
							com.apple.InAppPurchase = {
								enabled = 0;
							};
							com.apple.InterAppAudio = {
								enabled = 0;
							};
							com.apple.Push = {
								enabled = 0;
							};
							com.apple.Sandbox = {
								enabled = 0;
							};
						};
					};
					614461A0CB47BD1CB18480B6 = {
						SystemCapabilities = {
							com.apple.ApplicationGroups.iOS = {
								enabled = 0;
							};
							com.apple.HardenedRuntime = {
								enabled = 0;
							};
							com.apple.InAppPurchase = {
								enabled = 0;
							};
							com.apple.InterAppAudio = {
								enabled = 0;
							};
							com.apple.Push = {
								enabled = 0;
							};
							com.apple.Sandbox = {
								enabled = 0;
							};
						};
					};
					929CC7678B2F938463F65359 = {
						SystemCapabilities = {
							com.apple.ApplicationGroups.iOS = {
								enabled = 0;
							};
							com.apple.HardenedRuntime = {
								enabled = 0;
							};
							com.apple.InAppPurchase = {
								enabled = 0;
							};
							com.apple.InterAppAudio = {
								enabled = 0;
							};
							com.apple.Push = {
								enabled = 0;
							};
							com.apple.Sandbox = {
								enabled = 0;
							};
						};
					};
				};
			};
			buildConfigurationList = B8EFB48A5D9F1B95281EE376 /* Build configuration list for PBXProject "JuceOPLVSTi" */;
			compatibilityVersion = "Xcode 3.2";
			developmentRegion = en;
			hasScannedForEncodings = 0;
			knownRegions = (
				en,
				Base,
			);
			mainGroup = D17F0C768A55F6BA46209636 /* Source */;
			projectDirPath = "";
			projectRoot = "";
			targets = (
				2163AFA720A2DD8118C07EFA /* JuceOPLVSTi - All */,
				614461A0CB47BD1CB18480B6 /* JuceOPLVSTi - VST3 */,
				0A0C76A9B302C947C23ABDF1 /* JuceOPLVSTi - Shared Code */,
				929CC7678B2F938463F65359 /* JuceOPLVSTi - VST3 Manifest Helper */,
			);
		};
/* End PBXProject section */

/* Begin PBXResourcesBuildPhase section */
		17AA747BA0DDDF0F0940856A /* Resources */ = {
			isa = PBXResourcesBuildPhase;
			buildActionMask = 2147483647;
			files = (
				1C1A2969305BE6B2636AB9A8 /* RecentFilesMenuTemplate.nib in Resources */,
			);
			runOnlyForDeploymentPostprocessing = 0;
		};
/* End PBXResourcesBuildPhase section */

/* Begin PBXShellScriptBuildPhase section */
		6892DF93718FC70B47CCAB03 /* Update manifest */ = {
			isa = PBXShellScriptBuildPhase;
			alwaysOutOfDate = 1;
			buildActionMask = 2147483647;
			files = (
			);
			inputPaths = (
			);
			name = "Update manifest";
			outputPaths = (
			);
			runOnlyForDeploymentPostprocessing = 0;
			shellPath = /bin/sh;
			shellScript = "set -euo pipefail\n\necho Running \\\"${CONFIGURATION_BUILD_DIR}/juce_vst3_helper\\\" \\> \\\"${CONFIGURATION_BUILD_DIR}/${WRAPPER_NAME}/Contents/Resources/moduleinfo.json\\\"\n\"${CONFIGURATION_BUILD_DIR}/juce_vst3_helper\" > \"${CONFIGURATION_BUILD_DIR}/${WRAPPER_NAME}/Contents/Resources/moduleinfo.json\"\n";
		};
		6FA1F1FA10B845AFD7E09662 /* Plugin Copy Step */ = {
			isa = PBXShellScriptBuildPhase;
			alwaysOutOfDate = 1;
			buildActionMask = 2147483647;
			files = (
			);
			inputPaths = (
			);
			name = "Plugin Copy Step";
			outputPaths = (
			);
			runOnlyForDeploymentPostprocessing = 0;
			shellPath = /bin/sh;
			shellScript = "set -euo pipefail\n\nif [[ \"${CONFIGURATION}\" == \"Debug\" ]]; then\n  destinationPlugin=\"${HOME}/Library/Audio/Plug-Ins/VST3//$(basename \"${TARGET_BUILD_DIR}/${WRAPPER_NAME}\")\"\n  echo Running rm -rf \\\"${destinationPlugin}\\\"\n  rm -rf \"${destinationPlugin}\"\n  echo Running ditto \\\"${TARGET_BUILD_DIR}/${WRAPPER_NAME}\\\" \\\"${destinationPlugin}\\\"\n  ditto \"${TARGET_BUILD_DIR}/${WRAPPER_NAME}\" \"${destinationPlugin}\"\n\n  if [[ -n \"${EXPANDED_CODE_SIGN_IDENTITY-}\" ]]; then\n    if [[ -n \"${CODE_SIGN_ENTITLEMENTS-}\" ]]; then\n      entitlementsArg=(--entitlements \"${CODE_SIGN_ENTITLEMENTS}\")\n    fi\n\n    echo Signing Identity: \\\"${EXPANDED_CODE_SIGN_IDENTITY_NAME}\\\"\n    echo Running codesign --verbose=4 --force --sign \\\"${EXPANDED_CODE_SIGN_IDENTITY}\\\" ${entitlementsArg[*]-} ${OTHER_CODE_SIGN_FLAGS-} \\\"${HOME}/Library/Audio/Plug-Ins/VST3//${WRAPPER_NAME}\\\"\n    codesign --verbose=4 --force --sign \"${EXPANDED_CODE_SIGN_IDENTITY}\" ${entitlementsArg[*]-} ${OTHER_CODE_SIGN_FLAGS-} \"${HOME}/Library/Audio/Plug-Ins/VST3//${WRAPPER_NAME}\"\n  fi\nfi\n\nif [[ \"${CONFIGURATION}\" == \"Release\" ]]; then\n  destinationPlugin=\"${HOME}/Library/Audio/Plug-Ins/VST3//$(basename \"${TARGET_BUILD_DIR}/${WRAPPER_NAME}\")\"\n  echo Running rm -rf \\\"${destinationPlugin}\\\"\n  rm -rf \"${destinationPlugin}\"\n  echo Running ditto \\\"${TARGET_BUILD_DIR}/${WRAPPER_NAME}\\\" \\\"${destinationPlugin}\\\"\n  ditto \"${TARGET_BUILD_DIR}/${WRAPPER_NAME}\" \"${destinationPlugin}\"\n\n  if [[ -n \"${EXPANDED_CODE_SIGN_IDENTITY-}\" ]]; then\n    if [[ -n \"${CODE_SIGN_ENTITLEMENTS-}\" ]]; then\n      entitlementsArg=(--entitlements \"${CODE_SIGN_ENTITLEMENTS}\")\n    fi\n\n    echo Signing Identity: \\\"${EXPANDED_CODE_SIGN_IDENTITY_NAME}\\\"\n    echo Running codesign --verbose=4 --force --sign \\\"${EXPANDED_CODE_SIGN_IDENTITY}\\\" ${entitlementsArg[*]-} ${OTHER_CODE_SIGN_FLAGS-} \\\"${HOME}/Library/Audio/Plug-Ins/VST3//${WRAPPER_NAME}\\\"\n    codesign --verbose=4 --force --sign \"${EXPANDED_CODE_SIGN_IDENTITY}\" ${entitlementsArg[*]-} ${OTHER_CODE_SIGN_FLAGS-} \"${HOME}/Library/Audio/Plug-Ins/VST3//${WRAPPER_NAME}\"\n  fi\nfi\n";
		};
/* End PBXShellScriptBuildPhase section */

/* Begin PBXSourcesBuildPhase section */
		4C512ABC7B1A8B056A7176D6 /* Sources */ = {
			isa = PBXSourcesBuildPhase;
			buildActionMask = 2147483647;
			files = (
				E0E7834D63A990D80D7B5B19 /* DROMultiplexer.cpp in Sources */,
				852FA378FFAC7232371C1131 /* tests.cpp in Sources */,
				E247306B2F313FD48EA62ACA /* zdopl.cpp in Sources */,
				30C360C6B1032E58AB1EF9FE /* SbiLoader.cpp in Sources */,
				62F739091AA480136470C11B /* IntFloatParameter.cpp in Sources */,
				C25B0BF5DBF496A2771C370C /* EnumFloatParameter.cpp in Sources */,
				873568207848410B12B9CA2F /* FloatParameter.cpp in Sources */,
				1501001D64CC1CE7B2F9BB43 /* PluginGui.cpp in Sources */,
				BDB4A069E1BDFFF410CA0033 /* dbopl.cpp in Sources */,
				5D4DD076D7242D7ADCDD4835 /* hiopl.cpp in Sources */,
				59FB461C41A963442D8F3DD2 /* PluginProcessor.cpp in Sources */,
				D9C6DD3D5BF74F3E2B653C10 /* include_juce_audio_basics.mm in Sources */,
				F8B0DA313041254455882AE6 /* include_juce_audio_devices.mm in Sources */,
				B11A20A6A924EA117B7AD3C7 /* include_juce_audio_formats.mm in Sources */,
				D402A155E86E20EEEDC0D995 /* include_juce_audio_plugin_client_ARA.cpp in Sources */,
				77FA3E9740CDC53768E75428 /* include_juce_audio_processors.mm in Sources */,
				49B3B668BE5931DF3082294E /* include_juce_audio_processors_ara.cpp in Sources */,
				35DD931F90C78A3A6CCB184C /* include_juce_audio_processors_lv2_libs.cpp in Sources */,
				D8821DE2A5FB7EAC495C8750 /* include_juce_core.mm in Sources */,
				3B20618488B3B22CEF86C7BF /* include_juce_core_CompilationTime.cpp in Sources */,
				F353EEBAA884359D8DE50678 /* include_juce_cryptography.mm in Sources */,
				523431C6BA1EC53BB0D49577 /* include_juce_data_structures.mm in Sources */,
				0BFEFE25E2DE788123A01342 /* include_juce_events.mm in Sources */,
				524BB664F4E895CD67D8AF1B /* include_juce_graphics.mm in Sources */,
				A139E1E53B21E91263FF24F1 /* include_juce_graphics_Harfbuzz.cpp in Sources */,
				B60C7478DA54274C4D3E6B65 /* include_juce_graphics_Sheenbidi.c in Sources */,
				A5F1838569C2B31C37EEC655 /* include_juce_gui_basics.mm in Sources */,
				3E8FF781D79E7277189D8972 /* include_juce_gui_extra.mm in Sources */,
				17838961EAA1C10FD1C26CF7 /* include_juce_opengl.mm in Sources */,
				00513D3E49D26D29461B1C1E /* include_juce_video.mm in Sources */,
			);
			runOnlyForDeploymentPostprocessing = 0;
		};
		B0E3E58D0AFD2E319D11F5B7 /* Sources */ = {
			isa = PBXSourcesBuildPhase;
			buildActionMask = 2147483647;
			files = (
				3E4B3A3440F40658B7363950 /* include_juce_audio_plugin_client_VST3.mm in Sources */,
			);
			runOnlyForDeploymentPostprocessing = 0;
		};
		CD79B986EAFB41FA0A609A90 /* Sources */ = {
			isa = PBXSourcesBuildPhase;
			buildActionMask = 2147483647;
			files = (
				0CDD18453D20009A968EAE42 /* juce_VST3ManifestHelper.mm in Sources */,
			);
			runOnlyForDeploymentPostprocessing = 0;
		};
/* End PBXSourcesBuildPhase section */

/* Begin PBXTargetDependency section */
		0DB712BDCB5F06934B66AE59 /* PBXTargetDependency */ = {
			isa = PBXTargetDependency;
			target = 0A0C76A9B302C947C23ABDF1 /* JuceOPLVSTi - Shared Code */;
			targetProxy = 2BDBBF282E75DA2000372684 /* PBXContainerItemProxy */;
		};
		18319FD320F365799D59A35C /* PBXTargetDependency */ = {
			isa = PBXTargetDependency;
			target = 614461A0CB47BD1CB18480B6 /* JuceOPLVSTi - VST3 */;
			targetProxy = 2BDBBF2A2E75DA2100372684 /* PBXContainerItemProxy */;
		};
		4A6969AB35DCB43D6279F0F1 /* PBXTargetDependency */ = {
			isa = PBXTargetDependency;
			target = 929CC7678B2F938463F65359 /* JuceOPLVSTi - VST3 Manifest Helper */;
			targetProxy = 2BDBBF2C2E75DA2100372684 /* PBXContainerItemProxy */;
		};
		C8BEE129FA13238DF7E6A3D2 /* PBXTargetDependency */ = {
			isa = PBXTargetDependency;
			target = 929CC7678B2F938463F65359 /* JuceOPLVSTi - VST3 Manifest Helper */;
			targetProxy = 2BDBBF292E75DA2000372684 /* PBXContainerItemProxy */;
		};
		EBD42408812B8720E83922DD /* PBXTargetDependency */ = {
			isa = PBXTargetDependency;
			target = 0A0C76A9B302C947C23ABDF1 /* JuceOPLVSTi - Shared Code */;
			targetProxy = 2BDBBF2B2E75DA2100372684 /* PBXContainerItemProxy */;
		};
/* End PBXTargetDependency section */

/* Begin XCBuildConfiguration section */
		0AD699358D3156DD3B68BAD3 /* Release */ = {
			isa = XCBuildConfiguration;
			buildSettings = {
				CLANG_CXX_LANGUAGE_STANDARD = "c++17";
				CLANG_CXX_LIBRARY = "libc++";
				CLANG_LINK_OBJC_RUNTIME = NO;
				COMBINE_HIDPI_IMAGES = YES;
				CONFIGURATION_BUILD_DIR = "$(PROJECT_DIR)/build/$(CONFIGURATION)";
				DEAD_CODE_STRIPPING = YES;
				EXCLUDED_ARCHS = "";
				GCC_GENERATE_DEBUGGING_SYMBOLS = NO;
				GCC_OPTIMIZATION_LEVEL = 3;
				GCC_PREPROCESSOR_DEFINITIONS = (
					"_NDEBUG=1",
					"NDEBUG=1",
					"JUCE_MODAL_LOOPS_PERMITTED=1",
					"JUCER_XCODE_MAC_F6D2F4CF=1",
					"JUCE_APP_VERSION=0.12.1",
					"JUCE_APP_VERSION_HEX=0xc01",
					"JucePlugin_Build_VST=0",
					"JucePlugin_Build_VST3=0",
					"JucePlugin_Build_AU=0",
					"JucePlugin_Build_AUv3=0",
					"JucePlugin_Build_AAX=0",
					"JucePlugin_Build_Standalone=0",
					"JucePlugin_Build_Unity=0",
					"JucePlugin_Build_LV2=0",
				);
				GCC_VERSION = com.apple.compilers.llvm.clang.1_0;
				HEADER_SEARCH_PATHS = (
					"$(SRCROOT)/../../JuceLibraryCode/modules/juce_audio_processors/format_types/VST3_SDK",
					"$(SRCROOT)/../../JuceLibraryCode",
					"$(SRCROOT)/../../JuceLibraryCode/modules",
					"$(SRCROOT)/../../JuceLibraryCode/modules/juce_audio_plugin_client/AU",
					"$(inherited)",
				);
				INFOPLIST_FILE = "Info-VST3_Manifest_Helper.plist";
				INFOPLIST_PREPROCESS = NO;
				LLVM_LTO = YES;
				MACOSX_DEPLOYMENT_TARGET = 10.13;
				MTL_HEADER_SEARCH_PATHS = "$(SRCROOT)/../../JuceLibraryCode/modules/juce_audio_processors/format_types/VST3_SDK $(SRCROOT)/../../JuceLibraryCode $(SRCROOT)/../../JuceLibraryCode/modules $(SRCROOT)/../../JuceLibraryCode/modules/juce_audio_plugin_client/AU";
				PRODUCT_BUNDLE_IDENTIFIER = com.plainweave.JuceOPLVSTi;
				PRODUCT_NAME = juce_vst3_helper;
				USE_HEADERMAP = NO;
				VALIDATE_WORKSPACE_SKIPPED_SDK_FRAMEWORKS = OpenGL;
				VALID_ARCHS = "i386 x86_64 arm64 arm64e";
			};
			name = Release;
		};
		165FD237A1A7C49034485D77 /* Debug */ = {
			isa = XCBuildConfiguration;
			buildSettings = {
				CLANG_CXX_LANGUAGE_STANDARD = "c++17";
				CLANG_CXX_LIBRARY = "libc++";
				CLANG_LINK_OBJC_RUNTIME = NO;
				COMBINE_HIDPI_IMAGES = YES;
				CONFIGURATION_BUILD_DIR = "$(PROJECT_DIR)/build/$(CONFIGURATION)";
				COPY_PHASE_STRIP = NO;
				EXCLUDED_ARCHS = "";
				GCC_DYNAMIC_NO_PIC = NO;
				GCC_OPTIMIZATION_LEVEL = 0;
				GCC_PREPROCESSOR_DEFINITIONS = (
					"_DEBUG=1",
					"DEBUG=1",
					"JUCE_MODAL_LOOPS_PERMITTED=1",
					"JUCER_XCODE_MAC_F6D2F4CF=1",
					"JUCE_APP_VERSION=0.12.1",
					"JUCE_APP_VERSION_HEX=0xc01",
					"JucePlugin_Build_VST=0",
					"JucePlugin_Build_VST3=0",
					"JucePlugin_Build_AU=0",
					"JucePlugin_Build_AUv3=0",
					"JucePlugin_Build_AAX=0",
					"JucePlugin_Build_Standalone=0",
					"JucePlugin_Build_Unity=0",
					"JucePlugin_Build_LV2=0",
				);
				GCC_VERSION = com.apple.compilers.llvm.clang.1_0;
				HEADER_SEARCH_PATHS = (
					"$(SRCROOT)/../../JuceLibraryCode/modules/juce_audio_processors/format_types/VST3_SDK",
					"$(SRCROOT)/../../JuceLibraryCode",
					"$(SRCROOT)/../../JuceLibraryCode/modules",
					"$(SRCROOT)/../../JuceLibraryCode/modules/juce_audio_plugin_client/AU",
					"$(inherited)",
				);
				INFOPLIST_FILE = "Info-VST3_Manifest_Helper.plist";
				INFOPLIST_PREPROCESS = NO;
				MACOSX_DEPLOYMENT_TARGET = 10.13;
				MTL_HEADER_SEARCH_PATHS = "$(SRCROOT)/../../JuceLibraryCode/modules/juce_audio_processors/format_types/VST3_SDK $(SRCROOT)/../../JuceLibraryCode $(SRCROOT)/../../JuceLibraryCode/modules $(SRCROOT)/../../JuceLibraryCode/modules/juce_audio_plugin_client/AU";
				PRODUCT_BUNDLE_IDENTIFIER = com.plainweave.JuceOPLVSTi;
				PRODUCT_NAME = juce_vst3_helper;
				USE_HEADERMAP = NO;
				VALIDATE_WORKSPACE_SKIPPED_SDK_FRAMEWORKS = OpenGL;
				VALID_ARCHS = "i386 x86_64 arm64 arm64e";
			};
			name = Debug;
		};
		3F5AE0A3DD20B8C2D683E7CB /* Release */ = {
			isa = XCBuildConfiguration;
			buildSettings = {
				CLANG_CXX_LANGUAGE_STANDARD = "c++17";
				CLANG_CXX_LIBRARY = "libc++";
				CLANG_LINK_OBJC_RUNTIME = NO;
				COMBINE_HIDPI_IMAGES = YES;
				CONFIGURATION_BUILD_DIR = "$(PROJECT_DIR)/build/$(CONFIGURATION)";
				DEAD_CODE_STRIPPING = YES;
				EXCLUDED_ARCHS = "";
				GCC_GENERATE_DEBUGGING_SYMBOLS = NO;
				GCC_OPTIMIZATION_LEVEL = 3;
				GCC_PREPROCESSOR_DEFINITIONS = (
					"_NDEBUG=1",
					"NDEBUG=1",
					"JUCE_MODAL_LOOPS_PERMITTED=1",
					"JUCER_XCODE_MAC_F6D2F4CF=1",
					"JUCE_APP_VERSION=0.12.1",
					"JUCE_APP_VERSION_HEX=0xc01",
					"JucePlugin_Build_VST=0",
					"JucePlugin_Build_VST3=1",
					"JucePlugin_Build_AU=0",
					"JucePlugin_Build_AUv3=0",
					"JucePlugin_Build_AAX=0",
					"JucePlugin_Build_Standalone=0",
					"JucePlugin_Build_Unity=0",
					"JucePlugin_Build_LV2=0",
				);
				GCC_VERSION = com.apple.compilers.llvm.clang.1_0;
				GENERATE_PKGINFO_FILE = YES;
				HEADER_SEARCH_PATHS = (
					"$(SRCROOT)/../../JuceLibraryCode/modules/juce_audio_processors/format_types/VST3_SDK",
					"$(SRCROOT)/../../JuceLibraryCode",
					"$(SRCROOT)/../../JuceLibraryCode/modules",
					"$(SRCROOT)/../../JuceLibraryCode/modules/juce_audio_plugin_client/AU",
					"$(inherited)",
				);
				INFOPLIST_FILE = "Info-VST3.plist";
				INFOPLIST_PREPROCESS = NO;
				INSTALL_PATH = "$(HOME)/Library/Audio/Plug-Ins/VST3/";
				LIBRARY_STYLE = Bundle;
				LLVM_LTO = YES;
				MACOSX_DEPLOYMENT_TARGET = 10.13;
				MTL_HEADER_SEARCH_PATHS = "$(SRCROOT)/../../JuceLibraryCode/modules/juce_audio_processors/format_types/VST3_SDK $(SRCROOT)/../../JuceLibraryCode $(SRCROOT)/../../JuceLibraryCode/modules $(SRCROOT)/../../JuceLibraryCode/modules/juce_audio_plugin_client/AU";
				OTHER_LDFLAGS = (
					"-bundle",
					"-lJuceOPLVSTi",
				);
				PRODUCT_BUNDLE_IDENTIFIER = com.plainweave.JuceOPLVSTi;
				PRODUCT_NAME = JuceOPLVSTi;
				USE_HEADERMAP = NO;
				VALIDATE_WORKSPACE_SKIPPED_SDK_FRAMEWORKS = OpenGL;
				VALID_ARCHS = "i386 x86_64 arm64 arm64e";
				WRAPPER_EXTENSION = vst3;
			};
			name = Release;
		};
		3FF0568279ADF67434995392 /* Debug */ = {
			isa = XCBuildConfiguration;
			buildSettings = {
				MACOSX_DEPLOYMENT_TARGET = 10.13;
				SDKROOT = macosx;
			};
			name = Debug;
		};
		A25E25B8F5550441B8379B94 /* Debug */ = {
			isa = XCBuildConfiguration;
			buildSettings = {
				ALWAYS_SEARCH_USER_PATHS = NO;
				CLANG_ENABLE_OBJC_WEAK = YES;
				CLANG_WARN_BLOCK_CAPTURE_AUTORELEASING = YES;
				CLANG_WARN_BOOL_CONVERSION = YES;
				CLANG_WARN_COMMA = YES;
				CLANG_WARN_CONSTANT_CONVERSION = YES;
				CLANG_WARN_DEPRECATED_OBJC_IMPLEMENTATIONS = YES;
				CLANG_WARN_EMPTY_BODY = YES;
				CLANG_WARN_ENUM_CONVERSION = YES;
				CLANG_WARN_INFINITE_RECURSION = YES;
				CLANG_WARN_INT_CONVERSION = YES;
				CLANG_WARN_NON_LITERAL_NULL_CONVERSION = YES;
				CLANG_WARN_OBJC_IMPLICIT_RETAIN_SELF = YES;
				CLANG_WARN_OBJC_LITERAL_CONVERSION = YES;
				CLANG_WARN_RANGE_LOOP_ANALYSIS = YES;
				CLANG_WARN_STRICT_PROTOTYPES = YES;
				CLANG_WARN_SUSPICIOUS_MOVE = YES;
				CLANG_WARN_UNREACHABLE_CODE = YES;
				CLANG_WARN__DUPLICATE_METHOD_MATCH = YES;
				DEBUG_INFORMATION_FORMAT = dwarf;
				ENABLE_STRICT_OBJC_MSGSEND = YES;
				ENABLE_TESTABILITY = NO;
				GCC_C_LANGUAGE_STANDARD = c11;
				GCC_INLINES_ARE_PRIVATE_EXTERN = YES;
				GCC_MODEL_TUNING = G5;
				GCC_NO_COMMON_BLOCKS = YES;
				GCC_SYMBOLS_PRIVATE_EXTERN = YES;
				GCC_WARN_64_TO_32_BIT_CONVERSION = YES;
				GCC_WARN_ABOUT_RETURN_TYPE = YES;
				GCC_WARN_CHECK_SWITCH_STATEMENTS = YES;
				GCC_WARN_MISSING_PARENTHESES = YES;
				GCC_WARN_NON_VIRTUAL_DESTRUCTOR = YES;
				GCC_WARN_TYPECHECK_CALLS_TO_PRINTF = YES;
				GCC_WARN_UNDECLARED_SELECTOR = YES;
				GCC_WARN_UNINITIALIZED_AUTOS = YES;
				GCC_WARN_UNUSED_FUNCTION = YES;
				GCC_WARN_UNUSED_VARIABLE = YES;
				ONLY_ACTIVE_ARCH = YES;
				OTHER_CODE_SIGN_FLAGS = "--timestamp";
				PRODUCT_NAME = JuceOPLVSTi;
				SDKROOT = macosx;
				WARNING_CFLAGS = "-Wreorder";
				ZERO_LINK = NO;
			};
			name = Debug;
		};
		BB46F5CAAE54B8C7DF5BB67C /* Release */ = {
			isa = XCBuildConfiguration;
			buildSettings = {
				CLANG_CXX_LANGUAGE_STANDARD = "c++17";
				CLANG_CXX_LIBRARY = "libc++";
				CLANG_LINK_OBJC_RUNTIME = NO;
				COMBINE_HIDPI_IMAGES = YES;
				CONFIGURATION_BUILD_DIR = "$(PROJECT_DIR)/build/$(CONFIGURATION)";
				DEAD_CODE_STRIPPING = YES;
				EXCLUDED_ARCHS = "";
				GCC_GENERATE_DEBUGGING_SYMBOLS = NO;
				GCC_OPTIMIZATION_LEVEL = 3;
				GCC_PREPROCESSOR_DEFINITIONS = (
					"_NDEBUG=1",
					"NDEBUG=1",
					"JUCE_MODAL_LOOPS_PERMITTED=1",
					"JUCER_XCODE_MAC_F6D2F4CF=1",
					"JUCE_APP_VERSION=0.12.1",
					"JUCE_APP_VERSION_HEX=0xc01",
					"JucePlugin_Build_VST=0",
					"JucePlugin_Build_VST3=1",
					"JucePlugin_Build_AU=0",
					"JucePlugin_Build_AUv3=0",
					"JucePlugin_Build_AAX=0",
					"JucePlugin_Build_Standalone=0",
					"JucePlugin_Build_Unity=0",
					"JucePlugin_Build_LV2=0",
					"JUCE_SHARED_CODE=1",
				);
				GCC_VERSION = com.apple.compilers.llvm.clang.1_0;
				HEADER_SEARCH_PATHS = (
					"$(SRCROOT)/../../JuceLibraryCode/modules/juce_audio_processors/format_types/VST3_SDK",
					"$(SRCROOT)/../../JuceLibraryCode",
					"$(SRCROOT)/../../JuceLibraryCode/modules",
					"$(SRCROOT)/../../JuceLibraryCode/modules/juce_audio_plugin_client/AU",
					"$(inherited)",
				);
				INSTALL_PATH = "@executable_path/../Frameworks";
				LLVM_LTO = YES;
				MACOSX_DEPLOYMENT_TARGET = 10.13;
				MTL_HEADER_SEARCH_PATHS = "$(SRCROOT)/../../JuceLibraryCode/modules/juce_audio_processors/format_types/VST3_SDK $(SRCROOT)/../../JuceLibraryCode $(SRCROOT)/../../JuceLibraryCode/modules $(SRCROOT)/../../JuceLibraryCode/modules/juce_audio_plugin_client/AU";
				PRODUCT_BUNDLE_IDENTIFIER = com.plainweave.JuceOPLVSTi;
				PRODUCT_NAME = JuceOPLVSTi;
				SKIP_INSTALL = YES;
				USE_HEADERMAP = NO;
				VALIDATE_WORKSPACE_SKIPPED_SDK_FRAMEWORKS = OpenGL;
				VALID_ARCHS = "i386 x86_64 arm64 arm64e";
			};
			name = Release;
		};
		E3C4E8491A8100DE066AA15D /* Debug */ = {
			isa = XCBuildConfiguration;
			buildSettings = {
				CLANG_CXX_LANGUAGE_STANDARD = "c++17";
				CLANG_CXX_LIBRARY = "libc++";
				CLANG_LINK_OBJC_RUNTIME = NO;
				COMBINE_HIDPI_IMAGES = YES;
				CONFIGURATION_BUILD_DIR = "$(PROJECT_DIR)/build/$(CONFIGURATION)";
				COPY_PHASE_STRIP = NO;
				EXCLUDED_ARCHS = "";
				GCC_DYNAMIC_NO_PIC = NO;
				GCC_OPTIMIZATION_LEVEL = 0;
				GCC_PREPROCESSOR_DEFINITIONS = (
					"_DEBUG=1",
					"DEBUG=1",
					"JUCE_MODAL_LOOPS_PERMITTED=1",
					"JUCER_XCODE_MAC_F6D2F4CF=1",
					"JUCE_APP_VERSION=0.12.1",
					"JUCE_APP_VERSION_HEX=0xc01",
					"JucePlugin_Build_VST=0",
					"JucePlugin_Build_VST3=1",
					"JucePlugin_Build_AU=0",
					"JucePlugin_Build_AUv3=0",
					"JucePlugin_Build_AAX=0",
					"JucePlugin_Build_Standalone=0",
					"JucePlugin_Build_Unity=0",
					"JucePlugin_Build_LV2=0",
					"JUCE_SHARED_CODE=1",
				);
				GCC_VERSION = com.apple.compilers.llvm.clang.1_0;
				HEADER_SEARCH_PATHS = (
					"$(SRCROOT)/../../JuceLibraryCode/modules/juce_audio_processors/format_types/VST3_SDK",
					"$(SRCROOT)/../../JuceLibraryCode",
					"$(SRCROOT)/../../JuceLibraryCode/modules",
					"$(SRCROOT)/../../JuceLibraryCode/modules/juce_audio_plugin_client/AU",
					"$(inherited)",
				);
				INSTALL_PATH = "@executable_path/../Frameworks";
				MACOSX_DEPLOYMENT_TARGET = 10.13;
				MTL_HEADER_SEARCH_PATHS = "$(SRCROOT)/../../JuceLibraryCode/modules/juce_audio_processors/format_types/VST3_SDK $(SRCROOT)/../../JuceLibraryCode $(SRCROOT)/../../JuceLibraryCode/modules $(SRCROOT)/../../JuceLibraryCode/modules/juce_audio_plugin_client/AU";
				PRODUCT_BUNDLE_IDENTIFIER = com.plainweave.JuceOPLVSTi;
				PRODUCT_NAME = JuceOPLVSTi;
				SKIP_INSTALL = YES;
				USE_HEADERMAP = NO;
				VALIDATE_WORKSPACE_SKIPPED_SDK_FRAMEWORKS = OpenGL;
				VALID_ARCHS = "i386 x86_64 arm64 arm64e";
			};
			name = Debug;
		};
		EDAD5F9F0FFF981978992C7F /* Debug */ = {
			isa = XCBuildConfiguration;
			buildSettings = {
				CLANG_CXX_LANGUAGE_STANDARD = "c++17";
				CLANG_CXX_LIBRARY = "libc++";
				CLANG_LINK_OBJC_RUNTIME = NO;
				COMBINE_HIDPI_IMAGES = YES;
				CONFIGURATION_BUILD_DIR = "$(PROJECT_DIR)/build/$(CONFIGURATION)";
				COPY_PHASE_STRIP = NO;
				EXCLUDED_ARCHS = "";
				GCC_DYNAMIC_NO_PIC = NO;
				GCC_OPTIMIZATION_LEVEL = 0;
				GCC_PREPROCESSOR_DEFINITIONS = (
					"_DEBUG=1",
					"DEBUG=1",
					"JUCE_MODAL_LOOPS_PERMITTED=1",
					"JUCER_XCODE_MAC_F6D2F4CF=1",
					"JUCE_APP_VERSION=0.12.1",
					"JUCE_APP_VERSION_HEX=0xc01",
					"JucePlugin_Build_VST=0",
					"JucePlugin_Build_VST3=1",
					"JucePlugin_Build_AU=0",
					"JucePlugin_Build_AUv3=0",
					"JucePlugin_Build_AAX=0",
					"JucePlugin_Build_Standalone=0",
					"JucePlugin_Build_Unity=0",
					"JucePlugin_Build_LV2=0",
				);
				GCC_VERSION = com.apple.compilers.llvm.clang.1_0;
				GENERATE_PKGINFO_FILE = YES;
				HEADER_SEARCH_PATHS = (
					"$(SRCROOT)/../../JuceLibraryCode/modules/juce_audio_processors/format_types/VST3_SDK",
					"$(SRCROOT)/../../JuceLibraryCode",
					"$(SRCROOT)/../../JuceLibraryCode/modules",
					"$(SRCROOT)/../../JuceLibraryCode/modules/juce_audio_plugin_client/AU",
					"$(inherited)",
				);
				INFOPLIST_FILE = "Info-VST3.plist";
				INFOPLIST_PREPROCESS = NO;
				INSTALL_PATH = "$(HOME)/Library/Audio/Plug-Ins/VST3/";
				LIBRARY_STYLE = Bundle;
				MACOSX_DEPLOYMENT_TARGET = 10.13;
				MTL_HEADER_SEARCH_PATHS = "$(SRCROOT)/../../JuceLibraryCode/modules/juce_audio_processors/format_types/VST3_SDK $(SRCROOT)/../../JuceLibraryCode $(SRCROOT)/../../JuceLibraryCode/modules $(SRCROOT)/../../JuceLibraryCode/modules/juce_audio_plugin_client/AU";
				OTHER_LDFLAGS = (
					"-bundle",
					"-lJuceOPLVSTi",
				);
				PRODUCT_BUNDLE_IDENTIFIER = com.plainweave.JuceOPLVSTi;
				PRODUCT_NAME = JuceOPLVSTi;
				USE_HEADERMAP = NO;
				VALIDATE_WORKSPACE_SKIPPED_SDK_FRAMEWORKS = OpenGL;
				VALID_ARCHS = "i386 x86_64 arm64 arm64e";
				WRAPPER_EXTENSION = vst3;
			};
			name = Debug;
		};
		F76888F9812717382FC44531 /* Release */ = {
			isa = XCBuildConfiguration;
			buildSettings = {
				ALWAYS_SEARCH_USER_PATHS = NO;
				CLANG_ENABLE_OBJC_WEAK = YES;
				CLANG_WARN_BLOCK_CAPTURE_AUTORELEASING = YES;
				CLANG_WARN_BOOL_CONVERSION = YES;
				CLANG_WARN_COMMA = YES;
				CLANG_WARN_CONSTANT_CONVERSION = YES;
				CLANG_WARN_DEPRECATED_OBJC_IMPLEMENTATIONS = YES;
				CLANG_WARN_EMPTY_BODY = YES;
				CLANG_WARN_ENUM_CONVERSION = YES;
				CLANG_WARN_INFINITE_RECURSION = YES;
				CLANG_WARN_INT_CONVERSION = YES;
				CLANG_WARN_NON_LITERAL_NULL_CONVERSION = YES;
				CLANG_WARN_OBJC_IMPLICIT_RETAIN_SELF = YES;
				CLANG_WARN_OBJC_LITERAL_CONVERSION = YES;
				CLANG_WARN_RANGE_LOOP_ANALYSIS = YES;
				CLANG_WARN_STRICT_PROTOTYPES = YES;
				CLANG_WARN_SUSPICIOUS_MOVE = YES;
				CLANG_WARN_UNREACHABLE_CODE = YES;
				CLANG_WARN__DUPLICATE_METHOD_MATCH = YES;
				DEBUG_INFORMATION_FORMAT = dwarf;
				ENABLE_STRICT_OBJC_MSGSEND = YES;
				ENABLE_TESTABILITY = NO;
				GCC_C_LANGUAGE_STANDARD = c11;
				GCC_INLINES_ARE_PRIVATE_EXTERN = YES;
				GCC_MODEL_TUNING = G5;
				GCC_NO_COMMON_BLOCKS = YES;
				GCC_SYMBOLS_PRIVATE_EXTERN = YES;
				GCC_WARN_64_TO_32_BIT_CONVERSION = YES;
				GCC_WARN_ABOUT_RETURN_TYPE = YES;
				GCC_WARN_CHECK_SWITCH_STATEMENTS = YES;
				GCC_WARN_MISSING_PARENTHESES = YES;
				GCC_WARN_NON_VIRTUAL_DESTRUCTOR = YES;
				GCC_WARN_TYPECHECK_CALLS_TO_PRINTF = YES;
				GCC_WARN_UNDECLARED_SELECTOR = YES;
				GCC_WARN_UNINITIALIZED_AUTOS = YES;
				GCC_WARN_UNUSED_FUNCTION = YES;
				GCC_WARN_UNUSED_VARIABLE = YES;
				OTHER_CODE_SIGN_FLAGS = "--timestamp";
				PRODUCT_NAME = JuceOPLVSTi;
				SDKROOT = macosx;
				WARNING_CFLAGS = "-Wreorder";
				ZERO_LINK = NO;
			};
			name = Release;
		};
		F8387D0BE7CFA1CF1939F2BD /* Release */ = {
			isa = XCBuildConfiguration;
			buildSettings = {
				MACOSX_DEPLOYMENT_TARGET = 10.13;
				SDKROOT = macosx;
			};
			name = Release;
		};
/* End XCBuildConfiguration section */

/* Begin XCConfigurationList section */
		59243B8572F594478324FB45 /* Build configuration list for PBXNativeTarget "JuceOPLVSTi - Shared Code" */ = {
			isa = XCConfigurationList;
			buildConfigurations = (
				E3C4E8491A8100DE066AA15D /* Debug */,
				BB46F5CAAE54B8C7DF5BB67C /* Release */,
			);
			defaultConfigurationIsVisible = 0;
			defaultConfigurationName = Release;
		};
		5959184446B8B1BF1D8D33C5 /* Build configuration list for PBXNativeTarget "JuceOPLVSTi - VST3" */ = {
			isa = XCConfigurationList;
			buildConfigurations = (
				EDAD5F9F0FFF981978992C7F /* Debug */,
				3F5AE0A3DD20B8C2D683E7CB /* Release */,
			);
			defaultConfigurationIsVisible = 0;
			defaultConfigurationName = Release;
		};
		93B3A2980D627D56E7727B25 /* Build configuration list for PBXNativeTarget "JuceOPLVSTi - VST3 Manifest Helper" */ = {
			isa = XCConfigurationList;
			buildConfigurations = (
				165FD237A1A7C49034485D77 /* Debug */,
				0AD699358D3156DD3B68BAD3 /* Release */,
			);
			defaultConfigurationIsVisible = 0;
			defaultConfigurationName = Release;
		};
		B8EFB48A5D9F1B95281EE376 /* Build configuration list for PBXProject "JuceOPLVSTi" */ = {
			isa = XCConfigurationList;
			buildConfigurations = (
				A25E25B8F5550441B8379B94 /* Debug */,
				F76888F9812717382FC44531 /* Release */,
			);
			defaultConfigurationIsVisible = 0;
			defaultConfigurationName = Release;
		};
		E0CC5CAD58B11B48016F527C /* Build configuration list for PBXAggregateTarget "JuceOPLVSTi - All" */ = {
			isa = XCConfigurationList;
			buildConfigurations = (
				3FF0568279ADF67434995392 /* Debug */,
				F8387D0BE7CFA1CF1939F2BD /* Release */,
			);
			defaultConfigurationIsVisible = 0;
			defaultConfigurationName = Release;
		};
/* End XCConfigurationList section */
	};
	rootObject = 432353E4294ACE6D4C739EDB /* Project object */;
}
